
Microsoft Visual Studio Solution File, Format Version 12.00
# Visual Studio Version 17
VisualStudioVersion = 17.6.33815.320
MinimumVisualStudioVersion = 10.0.40219.1
Project("{9A19103F-16F7-4668-BE54-9A1E7A4F7556}") = "SqlTietokantaDemo", "SqlTietokantaDemo.csproj", "{CCD4E7C3-880A-4CE1-B475-2D90FD84D13F}"
EndProject
Global
	GlobalSection(SolutionConfigurationPlatforms) = preSolution
		Debug|Any CPU = Debug|Any CPU
		Release|Any CPU = Release|Any CPU
	EndGlobalSection
	GlobalSection(ProjectConfigurationPlatforms) = postSolution
		{CCD4E7C3-880A-4CE1-B475-2D90FD84D13F}.Debug|Any CPU.ActiveCfg = Debug|Any CPU
		{CCD4E7C3-880A-4CE1-B475-2D90FD84D13F}.Debug|Any CPU.Build.0 = Debug|Any CPU
		{CCD4E7C3-880A-4CE1-B475-2D90FD84D13F}.Release|Any CPU.ActiveCfg = Release|Any CPU
		{CCD4E7C3-880A-4CE1-B475-2D90FD84D13F}.Release|Any CPU.Build.0 = Release|Any CPU
	EndGlobalSection
	GlobalSection(SolutionProperties) = preSolution
		HideSolutionNode = FALSE
	EndGlobalSection
	GlobalSection(ExtensibilityGlobals) = postSolution
		SolutionGuid = {6F636F9C-B03C-4F22-A15B-3484215B677D}
	EndGlobalSection
EndGlobal
